// !$*UTF8*$!
{
	archiveVersion = 1;
	classes = {
	};
	objectVersion = 52;
	objects = {

/* Begin PBXBuildFile section */
		4A5CDE572378AF1900F16C13 /* ShowImage.swift in Sources */ = {isa = PBXBuildFile; fileRef = 4A5CDE562378AF1900F16C13 /* ShowImage.swift */; };
		4A5CDE5C2378B16200F16C13 /* ShowsSearchView.swift in Sources */ = {isa = PBXBuildFile; fileRef = 4A5CDE5B2378B16200F16C13 /* ShowsSearchView.swift */; };
		4A5CDE5E2378B1E800F16C13 /* TVImageModel.swift in Sources */ = {isa = PBXBuildFile; fileRef = 4A5CDE5D2378B1E800F16C13 /* TVImageModel.swift */; };
		4A92208A23669EF7002B9769 /* ShowsSearchViewModel.swift in Sources */ = {isa = PBXBuildFile; fileRef = 4A92208923669EF7002B9769 /* ShowsSearchViewModel.swift */; };
		4A92208F236740DC002B9769 /* AVidDivaTest.swift in Sources */ = {isa = PBXBuildFile; fileRef = 4A92208E236740DC002B9769 /* AVidDivaTest.swift */; };
		4A92209823676399002B9769 /* Nimble in Frameworks */ = {isa = PBXBuildFile; productRef = 4A92209723676399002B9769 /* Nimble */; };
		4A92209B2367642B002B9769 /* Quick in Frameworks */ = {isa = PBXBuildFile; productRef = 4A92209A2367642B002B9769 /* Quick */; };
		4ADF5AA22366454D009A6D79 /* AppDelegate.swift in Sources */ = {isa = PBXBuildFile; fileRef = 4ADF5AA12366454D009A6D79 /* AppDelegate.swift */; };
		4ADF5AA42366454D009A6D79 /* SceneDelegate.swift in Sources */ = {isa = PBXBuildFile; fileRef = 4ADF5AA32366454D009A6D79 /* SceneDelegate.swift */; };
		4ADF5AA62366454D009A6D79 /* AVidTabView.swift in Sources */ = {isa = PBXBuildFile; fileRef = 4ADF5AA52366454D009A6D79 /* AVidTabView.swift */; };
		4ADF5AA823664551009A6D79 /* Assets.xcassets in Resources */ = {isa = PBXBuildFile; fileRef = 4ADF5AA723664551009A6D79 /* Assets.xcassets */; };
		4ADF5AAB23664551009A6D79 /* Preview Assets.xcassets in Resources */ = {isa = PBXBuildFile; fileRef = 4ADF5AAA23664551009A6D79 /* Preview Assets.xcassets */; };
		4ADF5AAE23664551009A6D79 /* LaunchScreen.storyboard in Resources */ = {isa = PBXBuildFile; fileRef = 4ADF5AAC23664551009A6D79 /* LaunchScreen.storyboard */; };
		4ADF5AB923664551009A6D79 /* AVidDivaTests.swift in Sources */ = {isa = PBXBuildFile; fileRef = 4ADF5AB823664551009A6D79 /* AVidDivaTests.swift */; };
		4ADF5AC82366503A009A6D79 /* SwiftDate in Frameworks */ = {isa = PBXBuildFile; productRef = 4ADF5AC72366503A009A6D79 /* SwiftDate */; };
		4ADF5ACA236655C4009A6D79 /* TVMazeShowResult.swift in Sources */ = {isa = PBXBuildFile; fileRef = 4ADF5AC9236655C4009A6D79 /* TVMazeShowResult.swift */; };
		4ADF5ACC23665D5C009A6D79 /* NetworkAPI.swift in Sources */ = {isa = PBXBuildFile; fileRef = 4ADF5ACB23665D5C009A6D79 /* NetworkAPI.swift */; };
		4ADF5ACD23665F60009A6D79 /* NetworkAPI.swift in Sources */ = {isa = PBXBuildFile; fileRef = 4ADF5ACB23665D5C009A6D79 /* NetworkAPI.swift */; };
		4ADF5ACE23665F65009A6D79 /* TVMazeShowResult.swift in Sources */ = {isa = PBXBuildFile; fileRef = 4ADF5AC9236655C4009A6D79 /* TVMazeShowResult.swift */; };
		4AFDEFE52389D26C00916B04 /* CloudKit.framework in Frameworks */ = {isa = PBXBuildFile; fileRef = 4AFDEFE42389D26C00916B04 /* CloudKit.framework */; };
		4AFDEFE72389DA5900916B04 /* CloudKitAPI.swift in Sources */ = {isa = PBXBuildFile; fileRef = 4AFDEFE62389DA5900916B04 /* CloudKitAPI.swift */; };
/* End PBXBuildFile section */

/* Begin PBXContainerItemProxy section */
		4ADF5AB523664551009A6D79 /* PBXContainerItemProxy */ = {
			isa = PBXContainerItemProxy;
			containerPortal = 4ADF5A962366454D009A6D79 /* Project object */;
			proxyType = 1;
			remoteGlobalIDString = 4ADF5A9D2366454D009A6D79;
			remoteInfo = AVidDiva;
		};
/* End PBXContainerItemProxy section */

/* Begin PBXFileReference section */
		4A5CDE562378AF1900F16C13 /* ShowImage.swift */ = {isa = PBXFileReference; lastKnownFileType = sourcecode.swift; path = ShowImage.swift; sourceTree = "<group>"; };
		4A5CDE5B2378B16200F16C13 /* ShowsSearchView.swift */ = {isa = PBXFileReference; lastKnownFileType = sourcecode.swift; path = ShowsSearchView.swift; sourceTree = "<group>"; };
		4A5CDE5D2378B1E800F16C13 /* TVImageModel.swift */ = {isa = PBXFileReference; lastKnownFileType = sourcecode.swift; path = TVImageModel.swift; sourceTree = "<group>"; };
		4A92208923669EF7002B9769 /* ShowsSearchViewModel.swift */ = {isa = PBXFileReference; lastKnownFileType = sourcecode.swift; path = ShowsSearchViewModel.swift; sourceTree = "<group>"; };
		4A92208E236740DC002B9769 /* AVidDivaTest.swift */ = {isa = PBXFileReference; lastKnownFileType = sourcecode.swift; path = AVidDivaTest.swift; sourceTree = "<group>"; };
		4ADF5A9E2366454D009A6D79 /* AVidDiva.app */ = {isa = PBXFileReference; explicitFileType = wrapper.application; includeInIndex = 0; path = AVidDiva.app; sourceTree = BUILT_PRODUCTS_DIR; };
		4ADF5AA12366454D009A6D79 /* AppDelegate.swift */ = {isa = PBXFileReference; lastKnownFileType = sourcecode.swift; path = AppDelegate.swift; sourceTree = "<group>"; };
		4ADF5AA32366454D009A6D79 /* SceneDelegate.swift */ = {isa = PBXFileReference; lastKnownFileType = sourcecode.swift; path = SceneDelegate.swift; sourceTree = "<group>"; };
		4ADF5AA52366454D009A6D79 /* AVidTabView.swift */ = {isa = PBXFileReference; lastKnownFileType = sourcecode.swift; path = AVidTabView.swift; sourceTree = "<group>"; };
		4ADF5AA723664551009A6D79 /* Assets.xcassets */ = {isa = PBXFileReference; lastKnownFileType = folder.assetcatalog; path = Assets.xcassets; sourceTree = "<group>"; };
		4ADF5AAA23664551009A6D79 /* Preview Assets.xcassets */ = {isa = PBXFileReference; lastKnownFileType = folder.assetcatalog; path = "Preview Assets.xcassets"; sourceTree = "<group>"; };
		4ADF5AAD23664551009A6D79 /* Base */ = {isa = PBXFileReference; lastKnownFileType = file.storyboard; name = Base; path = Base.lproj/LaunchScreen.storyboard; sourceTree = "<group>"; };
		4ADF5AAF23664551009A6D79 /* Info.plist */ = {isa = PBXFileReference; lastKnownFileType = text.plist.xml; path = Info.plist; sourceTree = "<group>"; };
		4ADF5AB423664551009A6D79 /* AVidDivaTests.xctest */ = {isa = PBXFileReference; explicitFileType = wrapper.cfbundle; includeInIndex = 0; path = AVidDivaTests.xctest; sourceTree = BUILT_PRODUCTS_DIR; };
		4ADF5AB823664551009A6D79 /* AVidDivaTests.swift */ = {isa = PBXFileReference; lastKnownFileType = sourcecode.swift; path = AVidDivaTests.swift; sourceTree = "<group>"; };
		4ADF5ABA23664551009A6D79 /* Info.plist */ = {isa = PBXFileReference; lastKnownFileType = text.plist.xml; path = Info.plist; sourceTree = "<group>"; };
		4ADF5AC9236655C4009A6D79 /* TVMazeShowResult.swift */ = {isa = PBXFileReference; lastKnownFileType = sourcecode.swift; path = TVMazeShowResult.swift; sourceTree = "<group>"; };
		4ADF5ACB23665D5C009A6D79 /* NetworkAPI.swift */ = {isa = PBXFileReference; lastKnownFileType = sourcecode.swift; path = NetworkAPI.swift; sourceTree = "<group>"; };
		4AFDEFE22389D26A00916B04 /* AVidDiva.entitlements */ = {isa = PBXFileReference; lastKnownFileType = text.plist.entitlements; path = AVidDiva.entitlements; sourceTree = "<group>"; };
		4AFDEFE42389D26C00916B04 /* CloudKit.framework */ = {isa = PBXFileReference; lastKnownFileType = wrapper.framework; name = CloudKit.framework; path = System/Library/Frameworks/CloudKit.framework; sourceTree = SDKROOT; };
		4AFDEFE62389DA5900916B04 /* CloudKitAPI.swift */ = {isa = PBXFileReference; lastKnownFileType = sourcecode.swift; path = CloudKitAPI.swift; sourceTree = "<group>"; };
/* End PBXFileReference section */

/* Begin PBXFrameworksBuildPhase section */
		4ADF5A9B2366454D009A6D79 /* Frameworks */ = {
			isa = PBXFrameworksBuildPhase;
			buildActionMask = 2147483647;
			files = (
				4ADF5AC82366503A009A6D79 /* SwiftDate in Frameworks */,
				4AFDEFE52389D26C00916B04 /* CloudKit.framework in Frameworks */,
			);
			runOnlyForDeploymentPostprocessing = 0;
		};
		4ADF5AB123664551009A6D79 /* Frameworks */ = {
			isa = PBXFrameworksBuildPhase;
			buildActionMask = 2147483647;
			files = (
				4A92209B2367642B002B9769 /* Quick in Frameworks */,
				4A92209823676399002B9769 /* Nimble in Frameworks */,
			);
			runOnlyForDeploymentPostprocessing = 0;
		};
/* End PBXFrameworksBuildPhase section */

/* Begin PBXGroup section */
		4A5CDE582378B09200F16C13 /* Views */ = {
			isa = PBXGroup;
			children = (
				4ADF5AA52366454D009A6D79 /* AVidTabView.swift */,
				4A5CDE5B2378B16200F16C13 /* ShowsSearchView.swift */,
				4A5CDE562378AF1900F16C13 /* ShowImage.swift */,
			);
			path = Views;
			sourceTree = "<group>";
		};
		4A5CDE592378B0A400F16C13 /* Models */ = {
			isa = PBXGroup;
			children = (
				4ADF5AC9236655C4009A6D79 /* TVMazeShowResult.swift */,
				4ADF5ACB23665D5C009A6D79 /* NetworkAPI.swift */,
				4AFDEFE62389DA5900916B04 /* CloudKitAPI.swift */,
			);
			path = Models;
			sourceTree = "<group>";
		};
		4A5CDE5A2378B0B200F16C13 /* ViewModels */ = {
			isa = PBXGroup;
			children = (
				4A92208923669EF7002B9769 /* ShowsSearchViewModel.swift */,
				4A5CDE5D2378B1E800F16C13 /* TVImageModel.swift */,
			);
			path = ViewModels;
			sourceTree = "<group>";
		};
		4ADF5A952366454D009A6D79 = {
			isa = PBXGroup;
			children = (
				4ADF5AA02366454D009A6D79 /* AVidDiva */,
				4ADF5AB723664551009A6D79 /* AVidDivaTests */,
				4ADF5A9F2366454D009A6D79 /* Products */,
				4AFDEFE32389D26C00916B04 /* Frameworks */,
			);
			sourceTree = "<group>";
		};
		4ADF5A9F2366454D009A6D79 /* Products */ = {
			isa = PBXGroup;
			children = (
				4ADF5A9E2366454D009A6D79 /* AVidDiva.app */,
				4ADF5AB423664551009A6D79 /* AVidDivaTests.xctest */,
			);
			name = Products;
			sourceTree = "<group>";
		};
		4ADF5AA02366454D009A6D79 /* AVidDiva */ = {
			isa = PBXGroup;
			children = (
				4AFDEFE22389D26A00916B04 /* AVidDiva.entitlements */,
				4ADF5AA12366454D009A6D79 /* AppDelegate.swift */,
				4ADF5AA32366454D009A6D79 /* SceneDelegate.swift */,
				4A5CDE592378B0A400F16C13 /* Models */,
				4A5CDE582378B09200F16C13 /* Views */,
				4A5CDE5A2378B0B200F16C13 /* ViewModels */,
				4ADF5AA723664551009A6D79 /* Assets.xcassets */,
				4ADF5AAC23664551009A6D79 /* LaunchScreen.storyboard */,
				4ADF5AAF23664551009A6D79 /* Info.plist */,
				4ADF5AA923664551009A6D79 /* Preview Content */,
			);
			path = AVidDiva;
			sourceTree = "<group>";
		};
		4ADF5AA923664551009A6D79 /* Preview Content */ = {
			isa = PBXGroup;
			children = (
				4ADF5AAA23664551009A6D79 /* Preview Assets.xcassets */,
			);
			path = "Preview Content";
			sourceTree = "<group>";
		};
		4ADF5AB723664551009A6D79 /* AVidDivaTests */ = {
			isa = PBXGroup;
			children = (
				4ADF5AB823664551009A6D79 /* AVidDivaTests.swift */,
				4A92208E236740DC002B9769 /* AVidDivaTest.swift */,
				4ADF5ABA23664551009A6D79 /* Info.plist */,
			);
			path = AVidDivaTests;
			sourceTree = "<group>";
		};
		4AFDEFE32389D26C00916B04 /* Frameworks */ = {
			isa = PBXGroup;
			children = (
				4AFDEFE42389D26C00916B04 /* CloudKit.framework */,
			);
			name = Frameworks;
			sourceTree = "<group>";
		};
/* End PBXGroup section */

/* Begin PBXNativeTarget section */
		4ADF5A9D2366454D009A6D79 /* AVidDiva */ = {
			isa = PBXNativeTarget;
			buildConfigurationList = 4ADF5ABD23664551009A6D79 /* Build configuration list for PBXNativeTarget "AVidDiva" */;
			buildPhases = (
				4ADF5A9A2366454D009A6D79 /* Sources */,
				4ADF5A9B2366454D009A6D79 /* Frameworks */,
				4ADF5A9C2366454D009A6D79 /* Resources */,
			);
			buildRules = (
			);
			dependencies = (
			);
			name = AVidDiva;
			packageProductDependencies = (
				4ADF5AC72366503A009A6D79 /* SwiftDate */,
			);
			productName = AVidDiva;
			productReference = 4ADF5A9E2366454D009A6D79 /* AVidDiva.app */;
			productType = "com.apple.product-type.application";
		};
		4ADF5AB323664551009A6D79 /* AVidDivaTests */ = {
			isa = PBXNativeTarget;
			buildConfigurationList = 4ADF5AC023664551009A6D79 /* Build configuration list for PBXNativeTarget "AVidDivaTests" */;
			buildPhases = (
				4ADF5AB023664551009A6D79 /* Sources */,
				4ADF5AB123664551009A6D79 /* Frameworks */,
				4ADF5AB223664551009A6D79 /* Resources */,
			);
			buildRules = (
			);
			dependencies = (
				4ADF5AB623664551009A6D79 /* PBXTargetDependency */,
			);
			name = AVidDivaTests;
			packageProductDependencies = (
				4A92209723676399002B9769 /* Nimble */,
				4A92209A2367642B002B9769 /* Quick */,
			);
			productName = AVidDivaTests;
			productReference = 4ADF5AB423664551009A6D79 /* AVidDivaTests.xctest */;
			productType = "com.apple.product-type.bundle.unit-test";
		};
/* End PBXNativeTarget section */

/* Begin PBXProject section */
		4ADF5A962366454D009A6D79 /* Project object */ = {
			isa = PBXProject;
			attributes = {
				LastSwiftUpdateCheck = 1110;
				LastUpgradeCheck = 1110;
				ORGANIZATIONNAME = Powellware;
				TargetAttributes = {
					4ADF5A9D2366454D009A6D79 = {
						CreatedOnToolsVersion = 11.1;
					};
					4ADF5AB323664551009A6D79 = {
						CreatedOnToolsVersion = 11.1;
						TestTargetID = 4ADF5A9D2366454D009A6D79;
					};
				};
			};
			buildConfigurationList = 4ADF5A992366454D009A6D79 /* Build configuration list for PBXProject "AVidDiva" */;
			compatibilityVersion = "Xcode 9.3";
			developmentRegion = en;
			hasScannedForEncodings = 0;
			knownRegions = (
				en,
				Base,
			);
			mainGroup = 4ADF5A952366454D009A6D79;
			packageReferences = (
				4ADF5AC62366503A009A6D79 /* XCRemoteSwiftPackageReference "SwiftDate" */,
				4A92209623676399002B9769 /* XCRemoteSwiftPackageReference "Nimble" */,
				4A9220992367642B002B9769 /* XCRemoteSwiftPackageReference "Quick" */,
			);
			productRefGroup = 4ADF5A9F2366454D009A6D79 /* Products */;
			projectDirPath = "";
			projectRoot = "";
			targets = (
				4ADF5A9D2366454D009A6D79 /* AVidDiva */,
				4ADF5AB323664551009A6D79 /* AVidDivaTests */,
			);
		};
/* End PBXProject section */

/* Begin PBXResourcesBuildPhase section */
		4ADF5A9C2366454D009A6D79 /* Resources */ = {
			isa = PBXResourcesBuildPhase;
			buildActionMask = 2147483647;
			files = (
				4ADF5AAE23664551009A6D79 /* LaunchScreen.storyboard in Resources */,
				4ADF5AAB23664551009A6D79 /* Preview Assets.xcassets in Resources */,
				4ADF5AA823664551009A6D79 /* Assets.xcassets in Resources */,
			);
			runOnlyForDeploymentPostprocessing = 0;
		};
		4ADF5AB223664551009A6D79 /* Resources */ = {
			isa = PBXResourcesBuildPhase;
			buildActionMask = 2147483647;
			files = (
			);
			runOnlyForDeploymentPostprocessing = 0;
		};
/* End PBXResourcesBuildPhase section */

/* Begin PBXSourcesBuildPhase section */
		4ADF5A9A2366454D009A6D79 /* Sources */ = {
			isa = PBXSourcesBuildPhase;
			buildActionMask = 2147483647;
			files = (
				4ADF5ACC23665D5C009A6D79 /* NetworkAPI.swift in Sources */,
				4A5CDE5C2378B16200F16C13 /* ShowsSearchView.swift in Sources */,
				4A5CDE5E2378B1E800F16C13 /* TVImageModel.swift in Sources */,
				4ADF5AA22366454D009A6D79 /* AppDelegate.swift in Sources */,
				4ADF5AA42366454D009A6D79 /* SceneDelegate.swift in Sources */,
				4AFDEFE72389DA5900916B04 /* CloudKitAPI.swift in Sources */,
				4ADF5AA62366454D009A6D79 /* AVidTabView.swift in Sources */,
				4A5CDE572378AF1900F16C13 /* ShowImage.swift in Sources */,
				4ADF5ACA236655C4009A6D79 /* TVMazeShowResult.swift in Sources */,
				4A92208A23669EF7002B9769 /* ShowsSearchViewModel.swift in Sources */,
			);
			runOnlyForDeploymentPostprocessing = 0;
		};
		4ADF5AB023664551009A6D79 /* Sources */ = {
			isa = PBXSourcesBuildPhase;
			buildActionMask = 2147483647;
			files = (
				4ADF5AB923664551009A6D79 /* AVidDivaTests.swift in Sources */,
				4A92208F236740DC002B9769 /* AVidDivaTest.swift in Sources */,
				4ADF5ACE23665F65009A6D79 /* TVMazeShowResult.swift in Sources */,
				4ADF5ACD23665F60009A6D79 /* NetworkAPI.swift in Sources */,
			);
			runOnlyForDeploymentPostprocessing = 0;
		};
/* End PBXSourcesBuildPhase section */

/* Begin PBXTargetDependency section */
		4ADF5AB623664551009A6D79 /* PBXTargetDependency */ = {
			isa = PBXTargetDependency;
			target = 4ADF5A9D2366454D009A6D79 /* AVidDiva */;
			targetProxy = 4ADF5AB523664551009A6D79 /* PBXContainerItemProxy */;
		};
/* End PBXTargetDependency section */

/* Begin PBXVariantGroup section */
		4ADF5AAC23664551009A6D79 /* LaunchScreen.storyboard */ = {
			isa = PBXVariantGroup;
			children = (
				4ADF5AAD23664551009A6D79 /* Base */,
			);
			name = LaunchScreen.storyboard;
			sourceTree = "<group>";
		};
/* End PBXVariantGroup section */

/* Begin XCBuildConfiguration section */
		4ADF5ABB23664551009A6D79 /* Debug */ = {
			isa = XCBuildConfiguration;
			buildSettings = {
				ALWAYS_SEARCH_USER_PATHS = NO;
				CLANG_ANALYZER_NONNULL = YES;
				CLANG_ANALYZER_NUMBER_OBJECT_CONVERSION = YES_AGGRESSIVE;
				CLANG_CXX_LANGUAGE_STANDARD = "gnu++14";
				CLANG_CXX_LIBRARY = "libc++";
				CLANG_ENABLE_MODULES = YES;
				CLANG_ENABLE_OBJC_ARC = YES;
				CLANG_ENABLE_OBJC_WEAK = YES;
				CLANG_WARN_BLOCK_CAPTURE_AUTORELEASING = YES;
				CLANG_WARN_BOOL_CONVERSION = YES;
				CLANG_WARN_COMMA = YES;
				CLANG_WARN_CONSTANT_CONVERSION = YES;
				CLANG_WARN_DEPRECATED_OBJC_IMPLEMENTATIONS = YES;
				CLANG_WARN_DIRECT_OBJC_ISA_USAGE = YES_ERROR;
				CLANG_WARN_DOCUMENTATION_COMMENTS = YES;
				CLANG_WARN_EMPTY_BODY = YES;
				CLANG_WARN_ENUM_CONVERSION = YES;
				CLANG_WARN_INFINITE_RECURSION = YES;
				CLANG_WARN_INT_CONVERSION = YES;
				CLANG_WARN_NON_LITERAL_NULL_CONVERSION = YES;
				CLANG_WARN_OBJC_IMPLICIT_RETAIN_SELF = YES;
				CLANG_WARN_OBJC_LITERAL_CONVERSION = YES;
				CLANG_WARN_OBJC_ROOT_CLASS = YES_ERROR;
				CLANG_WARN_RANGE_LOOP_ANALYSIS = YES;
				CLANG_WARN_STRICT_PROTOTYPES = YES;
				CLANG_WARN_SUSPICIOUS_MOVE = YES;
				CLANG_WARN_UNGUARDED_AVAILABILITY = YES_AGGRESSIVE;
				CLANG_WARN_UNREACHABLE_CODE = YES;
				CLANG_WARN__DUPLICATE_METHOD_MATCH = YES;
				COPY_PHASE_STRIP = NO;
				DEBUG_INFORMATION_FORMAT = dwarf;
				ENABLE_STRICT_OBJC_MSGSEND = YES;
				ENABLE_TESTABILITY = YES;
				GCC_C_LANGUAGE_STANDARD = gnu11;
				GCC_DYNAMIC_NO_PIC = NO;
				GCC_NO_COMMON_BLOCKS = YES;
				GCC_OPTIMIZATION_LEVEL = 0;
				GCC_PREPROCESSOR_DEFINITIONS = (
					"DEBUG=1",
					"$(inherited)",
				);
				GCC_WARN_64_TO_32_BIT_CONVERSION = YES;
				GCC_WARN_ABOUT_RETURN_TYPE = YES_ERROR;
				GCC_WARN_UNDECLARED_SELECTOR = YES;
				GCC_WARN_UNINITIALIZED_AUTOS = YES_AGGRESSIVE;
				GCC_WARN_UNUSED_FUNCTION = YES;
				GCC_WARN_UNUSED_VARIABLE = YES;
				IPHONEOS_DEPLOYMENT_TARGET = 13.1;
				MTL_ENABLE_DEBUG_INFO = INCLUDE_SOURCE;
				MTL_FAST_MATH = YES;
				ONLY_ACTIVE_ARCH = YES;
				SDKROOT = iphoneos;
				SWIFT_ACTIVE_COMPILATION_CONDITIONS = DEBUG;
				SWIFT_OPTIMIZATION_LEVEL = "-Onone";
			};
			name = Debug;
		};
		4ADF5ABC23664551009A6D79 /* Release */ = {
			isa = XCBuildConfiguration;
			buildSettings = {
				ALWAYS_SEARCH_USER_PATHS = NO;
				CLANG_ANALYZER_NONNULL = YES;
				CLANG_ANALYZER_NUMBER_OBJECT_CONVERSION = YES_AGGRESSIVE;
				CLANG_CXX_LANGUAGE_STANDARD = "gnu++14";
				CLANG_CXX_LIBRARY = "libc++";
				CLANG_ENABLE_MODULES = YES;
				CLANG_ENABLE_OBJC_ARC = YES;
				CLANG_ENABLE_OBJC_WEAK = YES;
				CLANG_WARN_BLOCK_CAPTURE_AUTORELEASING = YES;
				CLANG_WARN_BOOL_CONVERSION = YES;
				CLANG_WARN_COMMA = YES;
				CLANG_WARN_CONSTANT_CONVERSION = YES;
				CLANG_WARN_DEPRECATED_OBJC_IMPLEMENTATIONS = YES;
				CLANG_WARN_DIRECT_OBJC_ISA_USAGE = YES_ERROR;
				CLANG_WARN_DOCUMENTATION_COMMENTS = YES;
				CLANG_WARN_EMPTY_BODY = YES;
				CLANG_WARN_ENUM_CONVERSION = YES;
				CLANG_WARN_INFINITE_RECURSION = YES;
				CLANG_WARN_INT_CONVERSION = YES;
				CLANG_WARN_NON_LITERAL_NULL_CONVERSION = YES;
				CLANG_WARN_OBJC_IMPLICIT_RETAIN_SELF = YES;
				CLANG_WARN_OBJC_LITERAL_CONVERSION = YES;
				CLANG_WARN_OBJC_ROOT_CLASS = YES_ERROR;
				CLANG_WARN_RANGE_LOOP_ANALYSIS = YES;
				CLANG_WARN_STRICT_PROTOTYPES = YES;
				CLANG_WARN_SUSPICIOUS_MOVE = YES;
				CLANG_WARN_UNGUARDED_AVAILABILITY = YES_AGGRESSIVE;
				CLANG_WARN_UNREACHABLE_CODE = YES;
				CLANG_WARN__DUPLICATE_METHOD_MATCH = YES;
				COPY_PHASE_STRIP = NO;
				DEBUG_INFORMATION_FORMAT = "dwarf-with-dsym";
				ENABLE_NS_ASSERTIONS = NO;
				ENABLE_STRICT_OBJC_MSGSEND = YES;
				GCC_C_LANGUAGE_STANDARD = gnu11;
				GCC_NO_COMMON_BLOCKS = YES;
				GCC_WARN_64_TO_32_BIT_CONVERSION = YES;
				GCC_WARN_ABOUT_RETURN_TYPE = YES_ERROR;
				GCC_WARN_UNDECLARED_SELECTOR = YES;
				GCC_WARN_UNINITIALIZED_AUTOS = YES_AGGRESSIVE;
				GCC_WARN_UNUSED_FUNCTION = YES;
				GCC_WARN_UNUSED_VARIABLE = YES;
				IPHONEOS_DEPLOYMENT_TARGET = 13.1;
				MTL_ENABLE_DEBUG_INFO = NO;
				MTL_FAST_MATH = YES;
				SDKROOT = iphoneos;
				SWIFT_COMPILATION_MODE = wholemodule;
				SWIFT_OPTIMIZATION_LEVEL = "-O";
				VALIDATE_PRODUCT = YES;
			};
			name = Release;
		};
		4ADF5ABE23664551009A6D79 /* Debug */ = {
			isa = XCBuildConfiguration;
			buildSettings = {
				ASSETCATALOG_COMPILER_APPICON_NAME = AppIcon;
				CODE_SIGN_ENTITLEMENTS = AVidDiva/AVidDiva.entitlements;
				CODE_SIGN_STYLE = Automatic;
				DEVELOPMENT_ASSET_PATHS = "\"AVidDiva/Preview Content\"";
				DEVELOPMENT_TEAM = 3SJ2422ERE;
				ENABLE_PREVIEWS = YES;
				INFOPLIST_FILE = AVidDiva/Info.plist;
				LD_RUNPATH_SEARCH_PATHS = (
					"$(inherited)",
					"@executable_path/Frameworks",
				);
				PRODUCT_BUNDLE_IDENTIFIER = "net.powellware.AVidDiva-SwiftUI";
				PRODUCT_NAME = "$(TARGET_NAME)";
				SWIFT_VERSION = 5.0;
				TARGETED_DEVICE_FAMILY = "1,2";
			};
			name = Debug;
		};
		4ADF5ABF23664551009A6D79 /* Release */ = {
			isa = XCBuildConfiguration;
			buildSettings = {
				ASSETCATALOG_COMPILER_APPICON_NAME = AppIcon;
				CODE_SIGN_ENTITLEMENTS = AVidDiva/AVidDiva.entitlements;
				CODE_SIGN_STYLE = Automatic;
				DEVELOPMENT_ASSET_PATHS = "\"AVidDiva/Preview Content\"";
				DEVELOPMENT_TEAM = 3SJ2422ERE;
				ENABLE_PREVIEWS = YES;
				INFOPLIST_FILE = AVidDiva/Info.plist;
				LD_RUNPATH_SEARCH_PATHS = (
					"$(inherited)",
					"@executable_path/Frameworks",
				);
				PRODUCT_BUNDLE_IDENTIFIER = "net.powellware.AVidDiva-SwiftUI";
				PRODUCT_NAME = "$(TARGET_NAME)";
				SWIFT_VERSION = 5.0;
				TARGETED_DEVICE_FAMILY = "1,2";
			};
			name = Release;
		};
		4ADF5AC123664551009A6D79 /* Debug */ = {
			isa = XCBuildConfiguration;
			buildSettings = {
				ALWAYS_EMBED_SWIFT_STANDARD_LIBRARIES = YES;
				BUNDLE_LOADER = "$(TEST_HOST)";
				CODE_SIGN_STYLE = Automatic;
				DEVELOPMENT_TEAM = 3SJ2422ERE;
				INFOPLIST_FILE = AVidDivaTests/Info.plist;
				IPHONEOS_DEPLOYMENT_TARGET = 13.1;
				LD_RUNPATH_SEARCH_PATHS = (
					"$(inherited)",
					"@executable_path/Frameworks",
					"@loader_path/Frameworks",
				);
				PRODUCT_BUNDLE_IDENTIFIER = net.powellware.AVidDivaTests;
				PRODUCT_NAME = "$(TARGET_NAME)";
				SWIFT_VERSION = 5.0;
				TARGETED_DEVICE_FAMILY = "1,2";
				TEST_HOST = "$(BUILT_PRODUCTS_DIR)/AVidDiva.app/AVidDiva";
			};
			name = Debug;
		};
		4ADF5AC223664551009A6D79 /* Release */ = {
			isa = XCBuildConfiguration;
			buildSettings = {
				ALWAYS_EMBED_SWIFT_STANDARD_LIBRARIES = YES;
				BUNDLE_LOADER = "$(TEST_HOST)";
				CODE_SIGN_STYLE = Automatic;
				DEVELOPMENT_TEAM = 3SJ2422ERE;
				INFOPLIST_FILE = AVidDivaTests/Info.plist;
				IPHONEOS_DEPLOYMENT_TARGET = 13.1;
				LD_RUNPATH_SEARCH_PATHS = (
					"$(inherited)",
					"@executable_path/Frameworks",
					"@loader_path/Frameworks",
				);
				PRODUCT_BUNDLE_IDENTIFIER = net.powellware.AVidDivaTests;
				PRODUCT_NAME = "$(TARGET_NAME)";
				SWIFT_VERSION = 5.0;
				TARGETED_DEVICE_FAMILY = "1,2";
				TEST_HOST = "$(BUILT_PRODUCTS_DIR)/AVidDiva.app/AVidDiva";
			};
			name = Release;
		};
/* End XCBuildConfiguration section */

/* Begin XCConfigurationList section */
		4ADF5A992366454D009A6D79 /* Build configuration list for PBXProject "AVidDiva" */ = {
			isa = XCConfigurationList;
			buildConfigurations = (
				4ADF5ABB23664551009A6D79 /* Debug */,
				4ADF5ABC23664551009A6D79 /* Release */,
			);
			defaultConfigurationIsVisible = 0;
			defaultConfigurationName = Release;
		};
		4ADF5ABD23664551009A6D79 /* Build configuration list for PBXNativeTarget "AVidDiva" */ = {
			isa = XCConfigurationList;
			buildConfigurations = (
				4ADF5ABE23664551009A6D79 /* Debug */,
				4ADF5ABF23664551009A6D79 /* Release */,
			);
			defaultConfigurationIsVisible = 0;
			defaultConfigurationName = Release;
		};
		4ADF5AC023664551009A6D79 /* Build configuration list for PBXNativeTarget "AVidDivaTests" */ = {
			isa = XCConfigurationList;
			buildConfigurations = (
				4ADF5AC123664551009A6D79 /* Debug */,
				4ADF5AC223664551009A6D79 /* Release */,
			);
			defaultConfigurationIsVisible = 0;
			defaultConfigurationName = Release;
		};
/* End XCConfigurationList section */

/* Begin XCRemoteSwiftPackageReference section */
		4A92209623676399002B9769 /* XCRemoteSwiftPackageReference "Nimble" */ = {
			isa = XCRemoteSwiftPackageReference;
			repositoryURL = "https://github.com/Quick/Nimble";
			requirement = {
				branch = master;
				kind = branch;
			};
		};
		4A9220992367642B002B9769 /* XCRemoteSwiftPackageReference "Quick" */ = {
			isa = XCRemoteSwiftPackageReference;
			repositoryURL = "https://github.com/Quick/Quick";
			requirement = {
				kind = upToNextMajorVersion;
				minimumVersion = 2.2.0;
			};
		};
		4ADF5AC62366503A009A6D79 /* XCRemoteSwiftPackageReference "SwiftDate" */ = {
			isa = XCRemoteSwiftPackageReference;
			repositoryURL = "https://github.com/malcommac/SwiftDate.git";
			requirement = {
				kind = upToNextMajorVersion;
				minimumVersion = 6.1.0;
			};
		};
/* End XCRemoteSwiftPackageReference section */

/* Begin XCSwiftPackageProductDependency section */
		4A92209723676399002B9769 /* Nimble */ = {
			isa = XCSwiftPackageProductDependency;
			package = 4A92209623676399002B9769 /* XCRemoteSwiftPackageReference "Nimble" */;
			productName = Nimble;
		};
		4A92209A2367642B002B9769 /* Quick */ = {
			isa = XCSwiftPackageProductDependency;
			package = 4A9220992367642B002B9769 /* XCRemoteSwiftPackageReference "Quick" */;
			productName = Quick;
		};
		4ADF5AC72366503A009A6D79 /* SwiftDate */ = {
			isa = XCSwiftPackageProductDependency;
			package = 4ADF5AC62366503A009A6D79 /* XCRemoteSwiftPackageReference "SwiftDate" */;
			productName = SwiftDate;
		};
/* End XCSwiftPackageProductDependency section */
	};
	rootObject = 4ADF5A962366454D009A6D79 /* Project object */;
}
